
Microsoft Visual Studio Solution File, Format Version 12.00
# Visual Studio Version 16
VisualStudioVersion = 16.0.31205.134
MinimumVisualStudioVersion = 10.0.40219.1
Project("{FAE04EC0-301F-11D3-BF4B-00C04F79EFBC}") = "ASPTest", "ASPTest.csproj", "{CF9B33E3-5BDA-4BFB-A694-D45F66C6FF5F}"
EndProject
Global
	GlobalSection(SolutionConfigurationPlatforms) = preSolution
		Debug|Any CPU = Debug|Any CPU
		Release|Any CPU = Release|Any CPU
	EndGlobalSection
	GlobalSection(ProjectConfigurationPlatforms) = postSolution
		{CF9B33E3-5BDA-4BFB-A694-D45F66C6FF5F}.Debug|Any CPU.ActiveCfg = Debug|Any CPU
		{CF9B33E3-5BDA-4BFB-A694-D45F66C6FF5F}.Debug|Any CPU.Build.0 = Debug|Any CPU
		{CF9B33E3-5BDA-4BFB-A694-D45F66C6FF5F}.Release|Any CPU.ActiveCfg = Release|Any CPU
		{CF9B33E3-5BDA-4BFB-A694-D45F66C6FF5F}.Release|Any CPU.Build.0 = Release|Any CPU
	EndGlobalSection
	GlobalSection(SolutionProperties) = preSolution
		HideSolutionNode = FALSE
	EndGlobalSection
	GlobalSection(ExtensibilityGlobals) = postSolution
		SolutionGuid = {B67B175D-707A-4B03-BE6B-EA09E13B9F53}
	EndGlobalSection
EndGlobal
