
Microsoft Visual Studio Solution File, Format Version 12.00
# Visual Studio Version 16
VisualStudioVersion = 16.0.30523.141
MinimumVisualStudioVersion = 10.0.40219.1
Project("{8BC9CEB8-8B4A-11D0-8D11-00A0C91BC942}") = "VisualStudioAlpha", "VisualStudioAlpha.vcxproj", "{65089BDD-E3D0-4CB0-A29D-F57C35CCF39F}"
EndProject
Global
	GlobalSection(SolutionConfigurationPlatforms) = preSolution
		Debug|x64 = Debug|x64
		Debug|x86 = Debug|x86
		Release|x64 = Release|x64
		Release|x86 = Release|x86
	EndGlobalSection
	GlobalSection(ProjectConfigurationPlatforms) = postSolution
		{65089BDD-E3D0-4CB0-A29D-F57C35CCF39F}.Debug|x64.ActiveCfg = Debug|x64
		{65089BDD-E3D0-4CB0-A29D-F57C35CCF39F}.Debug|x64.Build.0 = Debug|x64
		{65089BDD-E3D0-4CB0-A29D-F57C35CCF39F}.Debug|x86.ActiveCfg = Debug|Win32
		{65089BDD-E3D0-4CB0-A29D-F57C35CCF39F}.Debug|x86.Build.0 = Debug|Win32
		{65089BDD-E3D0-4CB0-A29D-F57C35CCF39F}.Release|x64.ActiveCfg = Release|x64
		{65089BDD-E3D0-4CB0-A29D-F57C35CCF39F}.Release|x64.Build.0 = Release|x64
		{65089BDD-E3D0-4CB0-A29D-F57C35CCF39F}.Release|x86.ActiveCfg = Release|Win32
		{65089BDD-E3D0-4CB0-A29D-F57C35CCF39F}.Release|x86.Build.0 = Release|Win32
	EndGlobalSection
	GlobalSection(SolutionProperties) = preSolution
		HideSolutionNode = FALSE
	EndGlobalSection
	GlobalSection(ExtensibilityGlobals) = postSolution
		SolutionGuid = {09579837-0B24-4C43-B240-0226D58E1A91}
	EndGlobalSection
EndGlobal
